
Microsoft Visual Studio Solution File, Format Version 12.00
# Visual Studio Version 17
VisualStudioVersion = 17.0.31912.275
MinimumVisualStudioVersion = 10.0.40219.1
Project("{FAE04EC0-301F-11D3-BF4B-00C04F79EFBC}") = "WebApi", "WebApi\WebApi.csproj", "{DA82BAD1-0ABD-43FA-A55E-EA7626D42381}"
EndProject
Project("{FAE04EC0-301F-11D3-BF4B-00C04F79EFBC}") = "Dal", "Dal\Dal.csproj", "{940949E2-36C2-44DE-A04C-B5B83C23E27B}"
EndProject
Project("{FAE04EC0-301F-11D3-BF4B-00C04F79EFBC}") = "Bll", "Bll\Bll.csproj", "{D912DA81-B902-4268-A620-1D5EAA81FE82}"
EndProject
Project("{FAE04EC0-301F-11D3-BF4B-00C04F79EFBC}") = "Dto", "Dto\Dto.csproj", "{24EE2B58-EFCE-44B2-A567-A494FE2C53D2}"
EndProject
Global
	GlobalSection(SolutionConfigurationPlatforms) = preSolution
		Debug|Any CPU = Debug|Any CPU
		Release|Any CPU = Release|Any CPU
	EndGlobalSection
	GlobalSection(ProjectConfigurationPlatforms) = postSolution
		{DA82BAD1-0ABD-43FA-A55E-EA7626D42381}.Debug|Any CPU.ActiveCfg = Debug|Any CPU
		{DA82BAD1-0ABD-43FA-A55E-EA7626D42381}.Debug|Any CPU.Build.0 = Debug|Any CPU
		{DA82BAD1-0ABD-43FA-A55E-EA7626D42381}.Release|Any CPU.ActiveCfg = Release|Any CPU
		{DA82BAD1-0ABD-43FA-A55E-EA7626D42381}.Release|Any CPU.Build.0 = Release|Any CPU
		{940949E2-36C2-44DE-A04C-B5B83C23E27B}.Debug|Any CPU.ActiveCfg = Debug|Any CPU
		{940949E2-36C2-44DE-A04C-B5B83C23E27B}.Debug|Any CPU.Build.0 = Debug|Any CPU
		{940949E2-36C2-44DE-A04C-B5B83C23E27B}.Release|Any CPU.ActiveCfg = Release|Any CPU
		{940949E2-36C2-44DE-A04C-B5B83C23E27B}.Release|Any CPU.Build.0 = Release|Any CPU
		{D912DA81-B902-4268-A620-1D5EAA81FE82}.Debug|Any CPU.ActiveCfg = Debug|Any CPU
		{D912DA81-B902-4268-A620-1D5EAA81FE82}.Debug|Any CPU.Build.0 = Debug|Any CPU
		{D912DA81-B902-4268-A620-1D5EAA81FE82}.Release|Any CPU.ActiveCfg = Release|Any CPU
		{D912DA81-B902-4268-A620-1D5EAA81FE82}.Release|Any CPU.Build.0 = Release|Any CPU
		{24EE2B58-EFCE-44B2-A567-A494FE2C53D2}.Debug|Any CPU.ActiveCfg = Debug|Any CPU
		{24EE2B58-EFCE-44B2-A567-A494FE2C53D2}.Debug|Any CPU.Build.0 = Debug|Any CPU
		{24EE2B58-EFCE-44B2-A567-A494FE2C53D2}.Release|Any CPU.ActiveCfg = Release|Any CPU
		{24EE2B58-EFCE-44B2-A567-A494FE2C53D2}.Release|Any CPU.Build.0 = Release|Any CPU
	EndGlobalSection
	GlobalSection(SolutionProperties) = preSolution
		HideSolutionNode = FALSE
	EndGlobalSection
	GlobalSection(ExtensibilityGlobals) = postSolution
		SolutionGuid = {48ADE075-8171-406B-9AF8-F52CF0392FA0}
	EndGlobalSection
EndGlobal
